// !$*UTF8*$!
{
	archiveVersion = 1;
	classes = {
	};
	objectVersion = 55;
	objects = {

/* Begin PBXBuildFile section */
		7A136482287CE3FA00652A72 /* AppDelegate.swift in Sources */ = {isa = PBXBuildFile; fileRef = 7A136481287CE3FA00652A72 /* AppDelegate.swift */; };
		7A136484287CE3FA00652A72 /* SceneDelegate.swift in Sources */ = {isa = PBXBuildFile; fileRef = 7A136483287CE3FA00652A72 /* SceneDelegate.swift */; };
		7A136486287CE3FA00652A72 /* ViewController.swift in Sources */ = {isa = PBXBuildFile; fileRef = 7A136485287CE3FA00652A72 /* ViewController.swift */; };
		7A136489287CE3FA00652A72 /* Main.storyboard in Resources */ = {isa = PBXBuildFile; fileRef = 7A136487287CE3FA00652A72 /* Main.storyboard */; };
		7A13648B287CE3FD00652A72 /* Assets.xcassets in Resources */ = {isa = PBXBuildFile; fileRef = 7A13648A287CE3FD00652A72 /* Assets.xcassets */; };
		7A13648E287CE3FD00652A72 /* LaunchScreen.storyboard in Resources */ = {isa = PBXBuildFile; fileRef = 7A13648C287CE3FD00652A72 /* LaunchScreen.storyboard */; };
		7A136499287CE3FD00652A72 /* BracketValidatorTests.swift in Sources */ = {isa = PBXBuildFile; fileRef = 7A136498287CE3FD00652A72 /* BracketValidatorTests.swift */; };
		7A1364A3287CE3FD00652A72 /* BracketValidatorUITests.swift in Sources */ = {isa = PBXBuildFile; fileRef = 7A1364A2287CE3FD00652A72 /* BracketValidatorUITests.swift */; };
		7A1364A5287CE3FD00652A72 /* BracketValidatorUITestsLaunchTests.swift in Sources */ = {isa = PBXBuildFile; fileRef = 7A1364A4287CE3FD00652A72 /* BracketValidatorUITestsLaunchTests.swift */; };
		7A82B6DA287CEAAF00D5D2F5 /* Stack.swift in Sources */ = {isa = PBXBuildFile; fileRef = 7A82B6D9287CEAAF00D5D2F5 /* Stack.swift */; };
		7A82B6DC287CEECF00D5D2F5 /* ValidateBrackets.swift in Sources */ = {isa = PBXBuildFile; fileRef = 7A82B6DB287CEECF00D5D2F5 /* ValidateBrackets.swift */; };
/* End PBXBuildFile section */

/* Begin PBXContainerItemProxy section */
		7A136495287CE3FD00652A72 /* PBXContainerItemProxy */ = {
			isa = PBXContainerItemProxy;
			containerPortal = 7A136476287CE3FA00652A72 /* Project object */;
			proxyType = 1;
			remoteGlobalIDString = 7A13647D287CE3FA00652A72;
			remoteInfo = BracketValidator;
		};
		7A13649F287CE3FD00652A72 /* PBXContainerItemProxy */ = {
			isa = PBXContainerItemProxy;
			containerPortal = 7A136476287CE3FA00652A72 /* Project object */;
			proxyType = 1;
			remoteGlobalIDString = 7A13647D287CE3FA00652A72;
			remoteInfo = BracketValidator;
		};
/* End PBXContainerItemProxy section */

/* Begin PBXFileReference section */
		7A13647E287CE3FA00652A72 /* BracketValidator.app */ = {isa = PBXFileReference; explicitFileType = wrapper.application; includeInIndex = 0; path = BracketValidator.app; sourceTree = BUILT_PRODUCTS_DIR; };
		7A136481287CE3FA00652A72 /* AppDelegate.swift */ = {isa = PBXFileReference; lastKnownFileType = sourcecode.swift; path = AppDelegate.swift; sourceTree = "<group>"; };
		7A136483287CE3FA00652A72 /* SceneDelegate.swift */ = {isa = PBXFileReference; lastKnownFileType = sourcecode.swift; path = SceneDelegate.swift; sourceTree = "<group>"; };
		7A136485287CE3FA00652A72 /* ViewController.swift */ = {isa = PBXFileReference; lastKnownFileType = sourcecode.swift; path = ViewController.swift; sourceTree = "<group>"; };
		7A136488287CE3FA00652A72 /* Base */ = {isa = PBXFileReference; lastKnownFileType = file.storyboard; name = Base; path = Base.lproj/Main.storyboard; sourceTree = "<group>"; };
		7A13648A287CE3FD00652A72 /* Assets.xcassets */ = {isa = PBXFileReference; lastKnownFileType = folder.assetcatalog; path = Assets.xcassets; sourceTree = "<group>"; };
		7A13648D287CE3FD00652A72 /* Base */ = {isa = PBXFileReference; lastKnownFileType = file.storyboard; name = Base; path = Base.lproj/LaunchScreen.storyboard; sourceTree = "<group>"; };
		7A13648F287CE3FD00652A72 /* Info.plist */ = {isa = PBXFileReference; lastKnownFileType = text.plist.xml; path = Info.plist; sourceTree = "<group>"; };
		7A136494287CE3FD00652A72 /* BracketValidatorTests.xctest */ = {isa = PBXFileReference; explicitFileType = wrapper.cfbundle; includeInIndex = 0; path = BracketValidatorTests.xctest; sourceTree = BUILT_PRODUCTS_DIR; };
		7A136498287CE3FD00652A72 /* BracketValidatorTests.swift */ = {isa = PBXFileReference; lastKnownFileType = sourcecode.swift; path = BracketValidatorTests.swift; sourceTree = "<group>"; };
		7A13649E287CE3FD00652A72 /* BracketValidatorUITests.xctest */ = {isa = PBXFileReference; explicitFileType = wrapper.cfbundle; includeInIndex = 0; path = BracketValidatorUITests.xctest; sourceTree = BUILT_PRODUCTS_DIR; };
		7A1364A2287CE3FD00652A72 /* BracketValidatorUITests.swift */ = {isa = PBXFileReference; lastKnownFileType = sourcecode.swift; path = BracketValidatorUITests.swift; sourceTree = "<group>"; };
		7A1364A4287CE3FD00652A72 /* BracketValidatorUITestsLaunchTests.swift */ = {isa = PBXFileReference; lastKnownFileType = sourcecode.swift; path = BracketValidatorUITestsLaunchTests.swift; sourceTree = "<group>"; };
		7A82B6D9287CEAAF00D5D2F5 /* Stack.swift */ = {isa = PBXFileReference; lastKnownFileType = sourcecode.swift; path = Stack.swift; sourceTree = "<group>"; };
		7A82B6DB287CEECF00D5D2F5 /* ValidateBrackets.swift */ = {isa = PBXFileReference; lastKnownFileType = sourcecode.swift; path = ValidateBrackets.swift; sourceTree = "<group>"; };
/* End PBXFileReference section */

/* Begin PBXFrameworksBuildPhase section */
		7A13647B287CE3FA00652A72 /* Frameworks */ = {
			isa = PBXFrameworksBuildPhase;
			buildActionMask = 2147483647;
			files = (
			);
			runOnlyForDeploymentPostprocessing = 0;
		};
		7A136491287CE3FD00652A72 /* Frameworks */ = {
			isa = PBXFrameworksBuildPhase;
			buildActionMask = 2147483647;
			files = (
			);
			runOnlyForDeploymentPostprocessing = 0;
		};
		7A13649B287CE3FD00652A72 /* Frameworks */ = {
			isa = PBXFrameworksBuildPhase;
			buildActionMask = 2147483647;
			files = (
			);
			runOnlyForDeploymentPostprocessing = 0;
		};
/* End PBXFrameworksBuildPhase section */

/* Begin PBXGroup section */
		7A136475287CE3FA00652A72 = {
			isa = PBXGroup;
			children = (
				7A136480287CE3FA00652A72 /* BracketValidator */,
				7A136497287CE3FD00652A72 /* BracketValidatorTests */,
				7A1364A1287CE3FD00652A72 /* BracketValidatorUITests */,
				7A13647F287CE3FA00652A72 /* Products */,
			);
			sourceTree = "<group>";
		};
		7A13647F287CE3FA00652A72 /* Products */ = {
			isa = PBXGroup;
			children = (
				7A13647E287CE3FA00652A72 /* BracketValidator.app */,
				7A136494287CE3FD00652A72 /* BracketValidatorTests.xctest */,
				7A13649E287CE3FD00652A72 /* BracketValidatorUITests.xctest */,
			);
			name = Products;
			sourceTree = "<group>";
		};
		7A136480287CE3FA00652A72 /* BracketValidator */ = {
			isa = PBXGroup;
			children = (
				7A82B6D8287CEA5E00D5D2F5 /* View */,
				7A82B6D7287CEA5400D5D2F5 /* ViewController */,
				7A82B6D6287CEA4C00D5D2F5 /* Model */,
				7A1364B2287CE4C000652A72 /* System */,
			);
			path = BracketValidator;
			sourceTree = "<group>";
		};
		7A136497287CE3FD00652A72 /* BracketValidatorTests */ = {
			isa = PBXGroup;
			children = (
				7A136498287CE3FD00652A72 /* BracketValidatorTests.swift */,
			);
			path = BracketValidatorTests;
			sourceTree = "<group>";
		};
		7A1364A1287CE3FD00652A72 /* BracketValidatorUITests */ = {
			isa = PBXGroup;
			children = (
				7A1364A2287CE3FD00652A72 /* BracketValidatorUITests.swift */,
				7A1364A4287CE3FD00652A72 /* BracketValidatorUITestsLaunchTests.swift */,
			);
			path = BracketValidatorUITests;
			sourceTree = "<group>";
		};
		7A1364B2287CE4C000652A72 /* System */ = {
			isa = PBXGroup;
			children = (
				7A13648C287CE3FD00652A72 /* LaunchScreen.storyboard */,
				7A136483287CE3FA00652A72 /* SceneDelegate.swift */,
				7A136481287CE3FA00652A72 /* AppDelegate.swift */,
				7A13648A287CE3FD00652A72 /* Assets.xcassets */,
				7A13648F287CE3FD00652A72 /* Info.plist */,
			);
			name = System;
			sourceTree = "<group>";
		};
		7A82B6D6287CEA4C00D5D2F5 /* Model */ = {
			isa = PBXGroup;
			children = (
				7A82B6D9287CEAAF00D5D2F5 /* Stack.swift */,
				7A82B6DB287CEECF00D5D2F5 /* ValidateBrackets.swift */,
			);
			name = Model;
			sourceTree = "<group>";
		};
		7A82B6D7287CEA5400D5D2F5 /* ViewController */ = {
			isa = PBXGroup;
			children = (
				7A136485287CE3FA00652A72 /* ViewController.swift */,
			);
			name = ViewController;
			sourceTree = "<group>";
		};
		7A82B6D8287CEA5E00D5D2F5 /* View */ = {
			isa = PBXGroup;
			children = (
				7A136487287CE3FA00652A72 /* Main.storyboard */,
			);
			name = View;
			sourceTree = "<group>";
		};
/* End PBXGroup section */

/* Begin PBXNativeTarget section */
		7A13647D287CE3FA00652A72 /* BracketValidator */ = {
			isa = PBXNativeTarget;
			buildConfigurationList = 7A1364A8287CE3FD00652A72 /* Build configuration list for PBXNativeTarget "BracketValidator" */;
			buildPhases = (
				7A13647A287CE3FA00652A72 /* Sources */,
				7A13647B287CE3FA00652A72 /* Frameworks */,
				7A13647C287CE3FA00652A72 /* Resources */,
			);
			buildRules = (
			);
			dependencies = (
			);
			name = BracketValidator;
			productName = BracketValidator;
			productReference = 7A13647E287CE3FA00652A72 /* BracketValidator.app */;
			productType = "com.apple.product-type.application";
		};
		7A136493287CE3FD00652A72 /* BracketValidatorTests */ = {
			isa = PBXNativeTarget;
			buildConfigurationList = 7A1364AB287CE3FD00652A72 /* Build configuration list for PBXNativeTarget "BracketValidatorTests" */;
			buildPhases = (
				7A136490287CE3FD00652A72 /* Sources */,
				7A136491287CE3FD00652A72 /* Frameworks */,
				7A136492287CE3FD00652A72 /* Resources */,
			);
			buildRules = (
			);
			dependencies = (
				7A136496287CE3FD00652A72 /* PBXTargetDependency */,
			);
			name = BracketValidatorTests;
			productName = BracketValidatorTests;
			productReference = 7A136494287CE3FD00652A72 /* BracketValidatorTests.xctest */;
			productType = "com.apple.product-type.bundle.unit-test";
		};
		7A13649D287CE3FD00652A72 /* BracketValidatorUITests */ = {
			isa = PBXNativeTarget;
			buildConfigurationList = 7A1364AE287CE3FD00652A72 /* Build configuration list for PBXNativeTarget "BracketValidatorUITests" */;
			buildPhases = (
				7A13649A287CE3FD00652A72 /* Sources */,
				7A13649B287CE3FD00652A72 /* Frameworks */,
				7A13649C287CE3FD00652A72 /* Resources */,
			);
			buildRules = (
			);
			dependencies = (
				7A1364A0287CE3FD00652A72 /* PBXTargetDependency */,
			);
			name = BracketValidatorUITests;
			productName = BracketValidatorUITests;
			productReference = 7A13649E287CE3FD00652A72 /* BracketValidatorUITests.xctest */;
			productType = "com.apple.product-type.bundle.ui-testing";
		};
/* End PBXNativeTarget section */

/* Begin PBXProject section */
		7A136476287CE3FA00652A72 /* Project object */ = {
			isa = PBXProject;
			attributes = {
				BuildIndependentTargetsInParallel = 1;
				LastSwiftUpdateCheck = 1340;
				LastUpgradeCheck = 1340;
				TargetAttributes = {
					7A13647D287CE3FA00652A72 = {
						CreatedOnToolsVersion = 13.4.1;
					};
					7A136493287CE3FD00652A72 = {
						CreatedOnToolsVersion = 13.4.1;
						TestTargetID = 7A13647D287CE3FA00652A72;
					};
					7A13649D287CE3FD00652A72 = {
						CreatedOnToolsVersion = 13.4.1;
						TestTargetID = 7A13647D287CE3FA00652A72;
					};
				};
			};
			buildConfigurationList = 7A136479287CE3FA00652A72 /* Build configuration list for PBXProject "BracketValidator" */;
			compatibilityVersion = "Xcode 13.0";
			developmentRegion = en;
			hasScannedForEncodings = 0;
			knownRegions = (
				en,
				Base,
			);
			mainGroup = 7A136475287CE3FA00652A72;
			productRefGroup = 7A13647F287CE3FA00652A72 /* Products */;
			projectDirPath = "";
			projectRoot = "";
			targets = (
				7A13647D287CE3FA00652A72 /* BracketValidator */,
				7A136493287CE3FD00652A72 /* BracketValidatorTests */,
				7A13649D287CE3FD00652A72 /* BracketValidatorUITests */,
			);
		};
/* End PBXProject section */

/* Begin PBXResourcesBuildPhase section */
		7A13647C287CE3FA00652A72 /* Resources */ = {
			isa = PBXResourcesBuildPhase;
			buildActionMask = 2147483647;
			files = (
				7A13648E287CE3FD00652A72 /* LaunchScreen.storyboard in Resources */,
				7A13648B287CE3FD00652A72 /* Assets.xcassets in Resources */,
				7A136489287CE3FA00652A72 /* Main.storyboard in Resources */,
			);
			runOnlyForDeploymentPostprocessing = 0;
		};
		7A136492287CE3FD00652A72 /* Resources */ = {
			isa = PBXResourcesBuildPhase;
			buildActionMask = 2147483647;
			files = (
			);
			runOnlyForDeploymentPostprocessing = 0;
		};
		7A13649C287CE3FD00652A72 /* Resources */ = {
			isa = PBXResourcesBuildPhase;
			buildActionMask = 2147483647;
			files = (
			);
			runOnlyForDeploymentPostprocessing = 0;
		};
/* End PBXResourcesBuildPhase section */

/* Begin PBXSourcesBuildPhase section */
		7A13647A287CE3FA00652A72 /* Sources */ = {
			isa = PBXSourcesBuildPhase;
			buildActionMask = 2147483647;
			files = (
				7A82B6DA287CEAAF00D5D2F5 /* Stack.swift in Sources */,
				7A82B6DC287CEECF00D5D2F5 /* ValidateBrackets.swift in Sources */,
				7A136486287CE3FA00652A72 /* ViewController.swift in Sources */,
				7A136482287CE3FA00652A72 /* AppDelegate.swift in Sources */,
				7A136484287CE3FA00652A72 /* SceneDelegate.swift in Sources */,
			);
			runOnlyForDeploymentPostprocessing = 0;
		};
		7A136490287CE3FD00652A72 /* Sources */ = {
			isa = PBXSourcesBuildPhase;
			buildActionMask = 2147483647;
			files = (
				7A136499287CE3FD00652A72 /* BracketValidatorTests.swift in Sources */,
			);
			runOnlyForDeploymentPostprocessing = 0;
		};
		7A13649A287CE3FD00652A72 /* Sources */ = {
			isa = PBXSourcesBuildPhase;
			buildActionMask = 2147483647;
			files = (
				7A1364A5287CE3FD00652A72 /* BracketValidatorUITestsLaunchTests.swift in Sources */,
				7A1364A3287CE3FD00652A72 /* BracketValidatorUITests.swift in Sources */,
			);
			runOnlyForDeploymentPostprocessing = 0;
		};
/* End PBXSourcesBuildPhase section */

/* Begin PBXTargetDependency section */
		7A136496287CE3FD00652A72 /* PBXTargetDependency */ = {
			isa = PBXTargetDependency;
			target = 7A13647D287CE3FA00652A72 /* BracketValidator */;
			targetProxy = 7A136495287CE3FD00652A72 /* PBXContainerItemProxy */;
		};
		7A1364A0287CE3FD00652A72 /* PBXTargetDependency */ = {
			isa = PBXTargetDependency;
			target = 7A13647D287CE3FA00652A72 /* BracketValidator */;
			targetProxy = 7A13649F287CE3FD00652A72 /* PBXContainerItemProxy */;
		};
/* End PBXTargetDependency section */

/* Begin PBXVariantGroup section */
		7A136487287CE3FA00652A72 /* Main.storyboard */ = {
			isa = PBXVariantGroup;
			children = (
				7A136488287CE3FA00652A72 /* Base */,
			);
			name = Main.storyboard;
			sourceTree = "<group>";
		};
		7A13648C287CE3FD00652A72 /* LaunchScreen.storyboard */ = {
			isa = PBXVariantGroup;
			children = (
				7A13648D287CE3FD00652A72 /* Base */,
			);
			name = LaunchScreen.storyboard;
			sourceTree = "<group>";
		};
/* End PBXVariantGroup section */

/* Begin XCBuildConfiguration section */
		7A1364A6287CE3FD00652A72 /* Debug */ = {
			isa = XCBuildConfiguration;
			buildSettings = {
				ALWAYS_SEARCH_USER_PATHS = NO;
				CLANG_ANALYZER_NONNULL = YES;
				CLANG_ANALYZER_NUMBER_OBJECT_CONVERSION = YES_AGGRESSIVE;
				CLANG_CXX_LANGUAGE_STANDARD = "gnu++17";
				CLANG_ENABLE_MODULES = YES;
				CLANG_ENABLE_OBJC_ARC = YES;
				CLANG_ENABLE_OBJC_WEAK = YES;
				CLANG_WARN_BLOCK_CAPTURE_AUTORELEASING = YES;
				CLANG_WARN_BOOL_CONVERSION = YES;
				CLANG_WARN_COMMA = YES;
				CLANG_WARN_CONSTANT_CONVERSION = YES;
				CLANG_WARN_DEPRECATED_OBJC_IMPLEMENTATIONS = YES;
				CLANG_WARN_DIRECT_OBJC_ISA_USAGE = YES_ERROR;
				CLANG_WARN_DOCUMENTATION_COMMENTS = YES;
				CLANG_WARN_EMPTY_BODY = YES;
				CLANG_WARN_ENUM_CONVERSION = YES;
				CLANG_WARN_INFINITE_RECURSION = YES;
				CLANG_WARN_INT_CONVERSION = YES;
				CLANG_WARN_NON_LITERAL_NULL_CONVERSION = YES;
				CLANG_WARN_OBJC_IMPLICIT_RETAIN_SELF = YES;
				CLANG_WARN_OBJC_LITERAL_CONVERSION = YES;
				CLANG_WARN_OBJC_ROOT_CLASS = YES_ERROR;
				CLANG_WARN_QUOTED_INCLUDE_IN_FRAMEWORK_HEADER = YES;
				CLANG_WARN_RANGE_LOOP_ANALYSIS = YES;
				CLANG_WARN_STRICT_PROTOTYPES = YES;
				CLANG_WARN_SUSPICIOUS_MOVE = YES;
				CLANG_WARN_UNGUARDED_AVAILABILITY = YES_AGGRESSIVE;
				CLANG_WARN_UNREACHABLE_CODE = YES;
				CLANG_WARN__DUPLICATE_METHOD_MATCH = YES;
				COPY_PHASE_STRIP = NO;
				DEBUG_INFORMATION_FORMAT = dwarf;
				ENABLE_STRICT_OBJC_MSGSEND = YES;
				ENABLE_TESTABILITY = YES;
				GCC_C_LANGUAGE_STANDARD = gnu11;
				GCC_DYNAMIC_NO_PIC = NO;
				GCC_NO_COMMON_BLOCKS = YES;
				GCC_OPTIMIZATION_LEVEL = 0;
				GCC_PREPROCESSOR_DEFINITIONS = (
					"DEBUG=1",
					"$(inherited)",
				);
				GCC_WARN_64_TO_32_BIT_CONVERSION = YES;
				GCC_WARN_ABOUT_RETURN_TYPE = YES_ERROR;
				GCC_WARN_UNDECLARED_SELECTOR = YES;
				GCC_WARN_UNINITIALIZED_AUTOS = YES_AGGRESSIVE;
				GCC_WARN_UNUSED_FUNCTION = YES;
				GCC_WARN_UNUSED_VARIABLE = YES;
				IPHONEOS_DEPLOYMENT_TARGET = 15.5;
				MTL_ENABLE_DEBUG_INFO = INCLUDE_SOURCE;
				MTL_FAST_MATH = YES;
				ONLY_ACTIVE_ARCH = YES;
				SDKROOT = iphoneos;
				SWIFT_ACTIVE_COMPILATION_CONDITIONS = DEBUG;
				SWIFT_OPTIMIZATION_LEVEL = "-Onone";
			};
			name = Debug;
		};
		7A1364A7287CE3FD00652A72 /* Release */ = {
			isa = XCBuildConfiguration;
			buildSettings = {
				ALWAYS_SEARCH_USER_PATHS = NO;
				CLANG_ANALYZER_NONNULL = YES;
				CLANG_ANALYZER_NUMBER_OBJECT_CONVERSION = YES_AGGRESSIVE;
				CLANG_CXX_LANGUAGE_STANDARD = "gnu++17";
				CLANG_ENABLE_MODULES = YES;
				CLANG_ENABLE_OBJC_ARC = YES;
				CLANG_ENABLE_OBJC_WEAK = YES;
				CLANG_WARN_BLOCK_CAPTURE_AUTORELEASING = YES;
				CLANG_WARN_BOOL_CONVERSION = YES;
				CLANG_WARN_COMMA = YES;
				CLANG_WARN_CONSTANT_CONVERSION = YES;
				CLANG_WARN_DEPRECATED_OBJC_IMPLEMENTATIONS = YES;
				CLANG_WARN_DIRECT_OBJC_ISA_USAGE = YES_ERROR;
				CLANG_WARN_DOCUMENTATION_COMMENTS = YES;
				CLANG_WARN_EMPTY_BODY = YES;
				CLANG_WARN_ENUM_CONVERSION = YES;
				CLANG_WARN_INFINITE_RECURSION = YES;
				CLANG_WARN_INT_CONVERSION = YES;
				CLANG_WARN_NON_LITERAL_NULL_CONVERSION = YES;
				CLANG_WARN_OBJC_IMPLICIT_RETAIN_SELF = YES;
				CLANG_WARN_OBJC_LITERAL_CONVERSION = YES;
				CLANG_WARN_OBJC_ROOT_CLASS = YES_ERROR;
				CLANG_WARN_QUOTED_INCLUDE_IN_FRAMEWORK_HEADER = YES;
				CLANG_WARN_RANGE_LOOP_ANALYSIS = YES;
				CLANG_WARN_STRICT_PROTOTYPES = YES;
				CLANG_WARN_SUSPICIOUS_MOVE = YES;
				CLANG_WARN_UNGUARDED_AVAILABILITY = YES_AGGRESSIVE;
				CLANG_WARN_UNREACHABLE_CODE = YES;
				CLANG_WARN__DUPLICATE_METHOD_MATCH = YES;
				COPY_PHASE_STRIP = NO;
				DEBUG_INFORMATION_FORMAT = "dwarf-with-dsym";
				ENABLE_NS_ASSERTIONS = NO;
				ENABLE_STRICT_OBJC_MSGSEND = YES;
				GCC_C_LANGUAGE_STANDARD = gnu11;
				GCC_NO_COMMON_BLOCKS = YES;
				GCC_WARN_64_TO_32_BIT_CONVERSION = YES;
				GCC_WARN_ABOUT_RETURN_TYPE = YES_ERROR;
				GCC_WARN_UNDECLARED_SELECTOR = YES;
				GCC_WARN_UNINITIALIZED_AUTOS = YES_AGGRESSIVE;
				GCC_WARN_UNUSED_FUNCTION = YES;
				GCC_WARN_UNUSED_VARIABLE = YES;
				IPHONEOS_DEPLOYMENT_TARGET = 15.5;
				MTL_ENABLE_DEBUG_INFO = NO;
				MTL_FAST_MATH = YES;
				SDKROOT = iphoneos;
				SWIFT_COMPILATION_MODE = wholemodule;
				SWIFT_OPTIMIZATION_LEVEL = "-O";
				VALIDATE_PRODUCT = YES;
			};
			name = Release;
		};
		7A1364A9287CE3FD00652A72 /* Debug */ = {
			isa = XCBuildConfiguration;
			buildSettings = {
				ASSETCATALOG_COMPILER_APPICON_NAME = AppIcon;
				ASSETCATALOG_COMPILER_GLOBAL_ACCENT_COLOR_NAME = AccentColor;
				CODE_SIGN_STYLE = Automatic;
				CURRENT_PROJECT_VERSION = 1;
				DEVELOPMENT_TEAM = V3GFNATBC5;
				GENERATE_INFOPLIST_FILE = YES;
				INFOPLIST_FILE = BracketValidator/Info.plist;
				INFOPLIST_KEY_UIApplicationSupportsIndirectInputEvents = YES;
				INFOPLIST_KEY_UILaunchStoryboardName = LaunchScreen;
				INFOPLIST_KEY_UIMainStoryboardFile = Main;
				INFOPLIST_KEY_UISupportedInterfaceOrientations_iPad = "UIInterfaceOrientationPortrait UIInterfaceOrientationPortraitUpsideDown UIInterfaceOrientationLandscapeLeft UIInterfaceOrientationLandscapeRight";
				INFOPLIST_KEY_UISupportedInterfaceOrientations_iPhone = "UIInterfaceOrientationPortrait UIInterfaceOrientationLandscapeLeft UIInterfaceOrientationLandscapeRight";
				LD_RUNPATH_SEARCH_PATHS = (
					"$(inherited)",
					"@executable_path/Frameworks",
				);
				MARKETING_VERSION = 1.0;
				PRODUCT_BUNDLE_IDENTIFIER = com.redravencomputing.BracketValidator;
				PRODUCT_NAME = "$(TARGET_NAME)";
				SWIFT_EMIT_LOC_STRINGS = YES;
				SWIFT_VERSION = 5.0;
				TARGETED_DEVICE_FAMILY = "1,2";
			};
			name = Debug;
		};
		7A1364AA287CE3FD00652A72 /* Release */ = {
			isa = XCBuildConfiguration;
			buildSettings = {
				ASSETCATALOG_COMPILER_APPICON_NAME = AppIcon;
				ASSETCATALOG_COMPILER_GLOBAL_ACCENT_COLOR_NAME = AccentColor;
				CODE_SIGN_STYLE = Automatic;
				CURRENT_PROJECT_VERSION = 1;
				DEVELOPMENT_TEAM = V3GFNATBC5;
				GENERATE_INFOPLIST_FILE = YES;
				INFOPLIST_FILE = BracketValidator/Info.plist;
				INFOPLIST_KEY_UIApplicationSupportsIndirectInputEvents = YES;
				INFOPLIST_KEY_UILaunchStoryboardName = LaunchScreen;
				INFOPLIST_KEY_UIMainStoryboardFile = Main;
				INFOPLIST_KEY_UISupportedInterfaceOrientations_iPad = "UIInterfaceOrientationPortrait UIInterfaceOrientationPortraitUpsideDown UIInterfaceOrientationLandscapeLeft UIInterfaceOrientationLandscapeRight";
				INFOPLIST_KEY_UISupportedInterfaceOrientations_iPhone = "UIInterfaceOrientationPortrait UIInterfaceOrientationLandscapeLeft UIInterfaceOrientationLandscapeRight";
				LD_RUNPATH_SEARCH_PATHS = (
					"$(inherited)",
					"@executable_path/Frameworks",
				);
				MARKETING_VERSION = 1.0;
				PRODUCT_BUNDLE_IDENTIFIER = com.redravencomputing.BracketValidator;
				PRODUCT_NAME = "$(TARGET_NAME)";
				SWIFT_EMIT_LOC_STRINGS = YES;
				SWIFT_VERSION = 5.0;
				TARGETED_DEVICE_FAMILY = "1,2";
			};
			name = Release;
		};
		7A1364AC287CE3FD00652A72 /* Debug */ = {
			isa = XCBuildConfiguration;
			buildSettings = {
				ALWAYS_EMBED_SWIFT_STANDARD_LIBRARIES = YES;
				BUNDLE_LOADER = "$(TEST_HOST)";
				CODE_SIGN_STYLE = Automatic;
				CURRENT_PROJECT_VERSION = 1;
				DEVELOPMENT_TEAM = V3GFNATBC5;
				GENERATE_INFOPLIST_FILE = YES;
				IPHONEOS_DEPLOYMENT_TARGET = 15.5;
				MARKETING_VERSION = 1.0;
				PRODUCT_BUNDLE_IDENTIFIER = com.redravencomputing.BracketValidatorTests;
				PRODUCT_NAME = "$(TARGET_NAME)";
				SWIFT_EMIT_LOC_STRINGS = NO;
				SWIFT_VERSION = 5.0;
				TARGETED_DEVICE_FAMILY = "1,2";
				TEST_HOST = "$(BUILT_PRODUCTS_DIR)/BracketValidator.app/BracketValidator";
			};
			name = Debug;
		};
		7A1364AD287CE3FD00652A72 /* Release */ = {
			isa = XCBuildConfiguration;
			buildSettings = {
				ALWAYS_EMBED_SWIFT_STANDARD_LIBRARIES = YES;
				BUNDLE_LOADER = "$(TEST_HOST)";
				CODE_SIGN_STYLE = Automatic;
				CURRENT_PROJECT_VERSION = 1;
				DEVELOPMENT_TEAM = V3GFNATBC5;
				GENERATE_INFOPLIST_FILE = YES;
				IPHONEOS_DEPLOYMENT_TARGET = 15.5;
				MARKETING_VERSION = 1.0;
				PRODUCT_BUNDLE_IDENTIFIER = com.redravencomputing.BracketValidatorTests;
				PRODUCT_NAME = "$(TARGET_NAME)";
				SWIFT_EMIT_LOC_STRINGS = NO;
				SWIFT_VERSION = 5.0;
				TARGETED_DEVICE_FAMILY = "1,2";
				TEST_HOST = "$(BUILT_PRODUCTS_DIR)/BracketValidator.app/BracketValidator";
			};
			name = Release;
		};
		7A1364AF287CE3FD00652A72 /* Debug */ = {
			isa = XCBuildConfiguration;
			buildSettings = {
				ALWAYS_EMBED_SWIFT_STANDARD_LIBRARIES = YES;
				CODE_SIGN_STYLE = Automatic;
				CURRENT_PROJECT_VERSION = 1;
				DEVELOPMENT_TEAM = V3GFNATBC5;
				GENERATE_INFOPLIST_FILE = YES;
				MARKETING_VERSION = 1.0;
				PRODUCT_BUNDLE_IDENTIFIER = com.redravencomputing.BracketValidatorUITests;
				PRODUCT_NAME = "$(TARGET_NAME)";
				SWIFT_EMIT_LOC_STRINGS = NO;
				SWIFT_VERSION = 5.0;
				TARGETED_DEVICE_FAMILY = "1,2";
				TEST_TARGET_NAME = BracketValidator;
			};
			name = Debug;
		};
		7A1364B0287CE3FD00652A72 /* Release */ = {
			isa = XCBuildConfiguration;
			buildSettings = {
				ALWAYS_EMBED_SWIFT_STANDARD_LIBRARIES = YES;
				CODE_SIGN_STYLE = Automatic;
				CURRENT_PROJECT_VERSION = 1;
				DEVELOPMENT_TEAM = V3GFNATBC5;
				GENERATE_INFOPLIST_FILE = YES;
				MARKETING_VERSION = 1.0;
				PRODUCT_BUNDLE_IDENTIFIER = com.redravencomputing.BracketValidatorUITests;
				PRODUCT_NAME = "$(TARGET_NAME)";
				SWIFT_EMIT_LOC_STRINGS = NO;
				SWIFT_VERSION = 5.0;
				TARGETED_DEVICE_FAMILY = "1,2";
				TEST_TARGET_NAME = BracketValidator;
			};
			name = Release;
		};
/* End XCBuildConfiguration section */

/* Begin XCConfigurationList section */
		7A136479287CE3FA00652A72 /* Build configuration list for PBXProject "BracketValidator" */ = {
			isa = XCConfigurationList;
			buildConfigurations = (
				7A1364A6287CE3FD00652A72 /* Debug */,
				7A1364A7287CE3FD00652A72 /* Release */,
			);
			defaultConfigurationIsVisible = 0;
			defaultConfigurationName = Release;
		};
		7A1364A8287CE3FD00652A72 /* Build configuration list for PBXNativeTarget "BracketValidator" */ = {
			isa = XCConfigurationList;
			buildConfigurations = (
				7A1364A9287CE3FD00652A72 /* Debug */,
				7A1364AA287CE3FD00652A72 /* Release */,
			);
			defaultConfigurationIsVisible = 0;
			defaultConfigurationName = Release;
		};
		7A1364AB287CE3FD00652A72 /* Build configuration list for PBXNativeTarget "BracketValidatorTests" */ = {
			isa = XCConfigurationList;
			buildConfigurations = (
				7A1364AC287CE3FD00652A72 /* Debug */,
				7A1364AD287CE3FD00652A72 /* Release */,
			);
			defaultConfigurationIsVisible = 0;
			defaultConfigurationName = Release;
		};
		7A1364AE287CE3FD00652A72 /* Build configuration list for PBXNativeTarget "BracketValidatorUITests" */ = {
			isa = XCConfigurationList;
			buildConfigurations = (
				7A1364AF287CE3FD00652A72 /* Debug */,
				7A1364B0287CE3FD00652A72 /* Release */,
			);
			defaultConfigurationIsVisible = 0;
			defaultConfigurationName = Release;
		};
/* End XCConfigurationList section */
	};
	rootObject = 7A136476287CE3FA00652A72 /* Project object */;
}
